{
    "version": 3,
    "terraform_version": "0.11.14",
    "serial": 3,
    "lineage": "5062f470-a791-11fe-df2a-2070f0905741",
    "modules": [
        {
            "path": [
                "root"
            ],
            "outputs": {
                "container id": {
                    "sensitive": false,
                    "type": "string",
                    "value": "752f32642520"
                }
            },
            "resources": {
                "docker_container.Container1": {
                    "type": "docker_container",
                    "depends_on": [
                        "docker_image.img_c1"
                    ],
                    "primary": {
                        "id": "752f3264252089453836b64ed9855714355f3b5cb322f90b239463f1dfb86f23",
                        "attributes": {
                            "attach": "false",
                            "bridge": "",
                            "command.#": "2",
                            "command.0": "node",
                            "command.1": "server",
                            "cpu_set": "",
                            "cpu_shares": "0",
                            "devices.#": "0",
                            "dns.#": "0",
                            "dns_opts.#": "0",
                            "dns_search.#": "0",
                            "domainname": "",
                            "entrypoint.#": "1",
                            "entrypoint.0": "docker-entrypoint.sh",
                            "env.#": "3",
                            "env.1498137486": "NODE_VERSION=13.8.0",
                            "env.164484227": "YARN_VERSION=1.21.1",
                            "env.1827816": "PATH=/usr/local/sbin:/usr/local/bin:/usr/sbin:/usr/bin:/sbin:/bin",
                            "gateway": "172.17.0.1",
                            "group_add.#": "0",
                            "host.#": "0",
                            "hostname": "752f32642520",
                            "id": "752f3264252089453836b64ed9855714355f3b5cb322f90b239463f1dfb86f23",
                            "image": "sha256:30b593de6e903f56a5c717cab5986e584b37315a65a6948ddd1b3dcaf61349ad",
                            "ip_address": "172.17.0.3",
                            "ip_prefix_length": "16",
                            "ipc_mode": "private",
                            "labels.#": "0",
                            "links.#": "0",
                            "log_driver": "json-file",
                            "log_opts.%": "0",
                            "logs": "false",
                            "max_retry_count": "0",
                            "memory": "0",
                            "memory_swap": "0",
                            "mounts.#": "0",
                            "must_run": "true",
                            "name": "CF1",
                            "network_data.#": "1",
                            "network_data.0.gateway": "172.17.0.1",
                            "network_data.0.ip_address": "172.17.0.3",
                            "network_data.0.ip_prefix_length": "16",
                            "network_data.0.network_name": "bridge",
                            "network_mode": "default",
                            "pid_mode": "",
                            "ports.#": "1",
                            "ports.0.external": "3030",
                            "ports.0.internal": "3030",
                            "ports.0.ip": "0.0.0.0",
                            "ports.0.protocol": "tcp",
                            "privileged": "false",
                            "publish_all_ports": "false",
                            "read_only": "false",
                            "restart": "no",
                            "rm": "true",
                            "shm_size": "64",
                            "start": "true",
                            "sysctls.%": "0",
                            "tmpfs.%": "0",
                            "ulimit.#": "0",
                            "user": "",
                            "userns_mode": "",
                            "working_dir": "/var/www"
                        },
                        "meta": {
                            "schema_version": "2"
                        },
                        "tainted": false
                    },
                    "deposed": [],
                    "provider": "provider.docker"
                },
                "docker_image.img_c1": {
                    "type": "docker_image",
                    "depends_on": [],
                    "primary": {
                        "id": "sha256:30b593de6e903f56a5c717cab5986e584b37315a65a6948ddd1b3dcaf61349adaik-frontend:1.0.1",
                        "attributes": {
                            "id": "sha256:30b593de6e903f56a5c717cab5986e584b37315a65a6948ddd1b3dcaf61349adaik-frontend:1.0.1",
                            "latest": "sha256:30b593de6e903f56a5c717cab5986e584b37315a65a6948ddd1b3dcaf61349ad",
                            "name": "aik-frontend:1.0.1"
                        },
                        "meta": {},
                        "tainted": false
                    },
                    "deposed": [],
                    "provider": "provider.docker"
                }
            },
            "depends_on": []
        }
    ]
}
